
Microsoft Visual Studio Solution File, Format Version 12.00
# Visual Studio Version 17
VisualStudioVersion = 17.8.34330.188
MinimumVisualStudioVersion = 10.0.40219.1
Project("{9A19103F-16F7-4668-BE54-9A1E7A4F7556}") = "MyPasswordManager", "MyPasswordManager\MyPasswordManager.csproj", "{99367010-8430-494C-90BB-89F86DFDED37}"
EndProject
Project("{9A19103F-16F7-4668-BE54-9A1E7A4F7556}") = "UserInterface", "UserInterface\UserInterface.csproj", "{B9FB3F24-2BFA-4AA5-8B14-908CDAE14E81}"
EndProject
Project("{9A19103F-16F7-4668-BE54-9A1E7A4F7556}") = "Logic", "Logic\Logic.csproj", "{907FDE05-F0D5-44A8-B45B-D195A40BFB4D}"
EndProject
Project("{9A19103F-16F7-4668-BE54-9A1E7A4F7556}") = "MasterPassword", "MasterPassword\MasterPassword.csproj", "{2581F1CF-B8E5-44E2-8704-DD0155494E8E}"
EndProject
Project("{9A19103F-16F7-4668-BE54-9A1E7A4F7556}") = "Storage", "Storage\Storage.csproj", "{E9B03997-7C82-4872-86F3-56FE6B4342A4}"
EndProject
Project("{9A19103F-16F7-4668-BE54-9A1E7A4F7556}") = "Logic.Tests", "WorkWithRepositoryTests\Logic.Tests.csproj", "{A48BC148-9220-48A5-AAEC-FF58730B8A87}"
EndProject
Project("{9A19103F-16F7-4668-BE54-9A1E7A4F7556}") = "MasterPassword.Tests", "MasterPassword.Tests\MasterPassword.Tests.csproj", "{B55804F1-8CC6-4297-8220-88D77D8C3774}"
EndProject
Project("{9A19103F-16F7-4668-BE54-9A1E7A4F7556}") = "Storage.Tests", "Storage.Tests\Storage.Tests.csproj", "{1CF2438A-5E91-4C3D-9F65-AE0F2A5D2827}"
EndProject
Project("{2150E333-8FDC-42A3-9474-1A3956D46DE8}") = "Tests", "Tests", "{BBE0F14A-8572-484A-B16D-28C54B3ABA07}"
EndProject
Project("{2150E333-8FDC-42A3-9474-1A3956D46DE8}") = "PSAPP", "PSAPP", "{E8B4565E-E181-4325-A453-4ED1DF4D30F9}"
EndProject
Global
	GlobalSection(SolutionConfigurationPlatforms) = preSolution
		Debug|Any CPU = Debug|Any CPU
		Release|Any CPU = Release|Any CPU
	EndGlobalSection
	GlobalSection(ProjectConfigurationPlatforms) = postSolution
		{99367010-8430-494C-90BB-89F86DFDED37}.Debug|Any CPU.ActiveCfg = Debug|Any CPU
		{99367010-8430-494C-90BB-89F86DFDED37}.Debug|Any CPU.Build.0 = Debug|Any CPU
		{99367010-8430-494C-90BB-89F86DFDED37}.Release|Any CPU.ActiveCfg = Release|Any CPU
		{99367010-8430-494C-90BB-89F86DFDED37}.Release|Any CPU.Build.0 = Release|Any CPU
		{B9FB3F24-2BFA-4AA5-8B14-908CDAE14E81}.Debug|Any CPU.ActiveCfg = Debug|Any CPU
		{B9FB3F24-2BFA-4AA5-8B14-908CDAE14E81}.Debug|Any CPU.Build.0 = Debug|Any CPU
		{B9FB3F24-2BFA-4AA5-8B14-908CDAE14E81}.Release|Any CPU.ActiveCfg = Release|Any CPU
		{B9FB3F24-2BFA-4AA5-8B14-908CDAE14E81}.Release|Any CPU.Build.0 = Release|Any CPU
		{907FDE05-F0D5-44A8-B45B-D195A40BFB4D}.Debug|Any CPU.ActiveCfg = Debug|Any CPU
		{907FDE05-F0D5-44A8-B45B-D195A40BFB4D}.Debug|Any CPU.Build.0 = Debug|Any CPU
		{907FDE05-F0D5-44A8-B45B-D195A40BFB4D}.Release|Any CPU.ActiveCfg = Release|Any CPU
		{907FDE05-F0D5-44A8-B45B-D195A40BFB4D}.Release|Any CPU.Build.0 = Release|Any CPU
		{2581F1CF-B8E5-44E2-8704-DD0155494E8E}.Debug|Any CPU.ActiveCfg = Debug|Any CPU
		{2581F1CF-B8E5-44E2-8704-DD0155494E8E}.Debug|Any CPU.Build.0 = Debug|Any CPU
		{2581F1CF-B8E5-44E2-8704-DD0155494E8E}.Release|Any CPU.ActiveCfg = Release|Any CPU
		{2581F1CF-B8E5-44E2-8704-DD0155494E8E}.Release|Any CPU.Build.0 = Release|Any CPU
		{E9B03997-7C82-4872-86F3-56FE6B4342A4}.Debug|Any CPU.ActiveCfg = Debug|Any CPU
		{E9B03997-7C82-4872-86F3-56FE6B4342A4}.Debug|Any CPU.Build.0 = Debug|Any CPU
		{E9B03997-7C82-4872-86F3-56FE6B4342A4}.Release|Any CPU.ActiveCfg = Release|Any CPU
		{E9B03997-7C82-4872-86F3-56FE6B4342A4}.Release|Any CPU.Build.0 = Release|Any CPU
		{A48BC148-9220-48A5-AAEC-FF58730B8A87}.Debug|Any CPU.ActiveCfg = Debug|Any CPU
		{A48BC148-9220-48A5-AAEC-FF58730B8A87}.Debug|Any CPU.Build.0 = Debug|Any CPU
		{A48BC148-9220-48A5-AAEC-FF58730B8A87}.Release|Any CPU.ActiveCfg = Release|Any CPU
		{A48BC148-9220-48A5-AAEC-FF58730B8A87}.Release|Any CPU.Build.0 = Release|Any CPU
		{B55804F1-8CC6-4297-8220-88D77D8C3774}.Debug|Any CPU.ActiveCfg = Debug|Any CPU
		{B55804F1-8CC6-4297-8220-88D77D8C3774}.Debug|Any CPU.Build.0 = Debug|Any CPU
		{B55804F1-8CC6-4297-8220-88D77D8C3774}.Release|Any CPU.ActiveCfg = Release|Any CPU
		{B55804F1-8CC6-4297-8220-88D77D8C3774}.Release|Any CPU.Build.0 = Release|Any CPU
		{1CF2438A-5E91-4C3D-9F65-AE0F2A5D2827}.Debug|Any CPU.ActiveCfg = Debug|Any CPU
		{1CF2438A-5E91-4C3D-9F65-AE0F2A5D2827}.Debug|Any CPU.Build.0 = Debug|Any CPU
		{1CF2438A-5E91-4C3D-9F65-AE0F2A5D2827}.Release|Any CPU.ActiveCfg = Release|Any CPU
		{1CF2438A-5E91-4C3D-9F65-AE0F2A5D2827}.Release|Any CPU.Build.0 = Release|Any CPU
	EndGlobalSection
	GlobalSection(SolutionProperties) = preSolution
		HideSolutionNode = FALSE
	EndGlobalSection
	GlobalSection(NestedProjects) = preSolution
		{99367010-8430-494C-90BB-89F86DFDED37} = {E8B4565E-E181-4325-A453-4ED1DF4D30F9}
		{B9FB3F24-2BFA-4AA5-8B14-908CDAE14E81} = {E8B4565E-E181-4325-A453-4ED1DF4D30F9}
		{907FDE05-F0D5-44A8-B45B-D195A40BFB4D} = {E8B4565E-E181-4325-A453-4ED1DF4D30F9}
		{2581F1CF-B8E5-44E2-8704-DD0155494E8E} = {E8B4565E-E181-4325-A453-4ED1DF4D30F9}
		{E9B03997-7C82-4872-86F3-56FE6B4342A4} = {E8B4565E-E181-4325-A453-4ED1DF4D30F9}
		{A48BC148-9220-48A5-AAEC-FF58730B8A87} = {BBE0F14A-8572-484A-B16D-28C54B3ABA07}
		{B55804F1-8CC6-4297-8220-88D77D8C3774} = {BBE0F14A-8572-484A-B16D-28C54B3ABA07}
		{1CF2438A-5E91-4C3D-9F65-AE0F2A5D2827} = {BBE0F14A-8572-484A-B16D-28C54B3ABA07}
	EndGlobalSection
	GlobalSection(ExtensibilityGlobals) = postSolution
		SolutionGuid = {5EFDE4A3-6882-419B-9202-29EA2003CA81}
	EndGlobalSection
EndGlobal
